// !$*UTF8*$!
{
	archiveVersion = 1;
	classes = {
	};
	objectVersion = 46;
	objects = {

/* Begin PBXBuildFile section */
		CA77DFC11C0E6051000AFD89 /* AppDelegate.swift in Sources */ = {isa = PBXBuildFile; fileRef = CA77DFC01C0E6051000AFD89 /* AppDelegate.swift */; };
		CA77DFC61C0E6051000AFD89 /* Main.storyboard in Resources */ = {isa = PBXBuildFile; fileRef = CA77DFC41C0E6051000AFD89 /* Main.storyboard */; };
		CA77DFC81C0E6051000AFD89 /* Assets.xcassets in Resources */ = {isa = PBXBuildFile; fileRef = CA77DFC71C0E6051000AFD89 /* Assets.xcassets */; };
		CA77DFCB1C0E6051000AFD89 /* LaunchScreen.storyboard in Resources */ = {isa = PBXBuildFile; fileRef = CA77DFC91C0E6051000AFD89 /* LaunchScreen.storyboard */; };
		CA77E01E1C17A755000AFD89 /* City.swift in Sources */ = {isa = PBXBuildFile; fileRef = CA77E01D1C17A755000AFD89 /* City.swift */; };
		CA77E0261C17A845000AFD89 /* CountryTableViewController.swift in Sources */ = {isa = PBXBuildFile; fileRef = CA77E0251C17A845000AFD89 /* CountryTableViewController.swift */; };
		CA77E0281C17A858000AFD89 /* CityTableViewController.swift in Sources */ = {isa = PBXBuildFile; fileRef = CA77E0271C17A858000AFD89 /* CityTableViewController.swift */; };
		CA77E02B1C17A951000AFD89 /* CountryTableViewCell.swift in Sources */ = {isa = PBXBuildFile; fileRef = CA77E02A1C17A951000AFD89 /* CountryTableViewCell.swift */; };
		CA77E02D1C17A96A000AFD89 /* CityTableViewCell.swift in Sources */ = {isa = PBXBuildFile; fileRef = CA77E02C1C17A96A000AFD89 /* CityTableViewCell.swift */; };
		CA8742791C9F7AD000B31036 /* ListingsViewController.swift in Sources */ = {isa = PBXBuildFile; fileRef = CA8742781C9F7AD000B31036 /* ListingsViewController.swift */; };
		CA87427B1C9F7E6500B31036 /* Listing.swift in Sources */ = {isa = PBXBuildFile; fileRef = CA87427A1C9F7E6500B31036 /* Listing.swift */; };
		CAB0D8AB1CEBDF2700DF4A23 /* ListingDetailViewController.swift in Sources */ = {isa = PBXBuildFile; fileRef = CAB0D8AA1CEBDF2700DF4A23 /* ListingDetailViewController.swift */; };
		CAD9490D1C1A123F005B461F /* DetailViewController.swift in Sources */ = {isa = PBXBuildFile; fileRef = CAD9490C1C1A123F005B461F /* DetailViewController.swift */; };
		CAD949111C1A1A2C005B461F /* Spain.swift in Sources */ = {isa = PBXBuildFile; fileRef = CAD949101C1A1A2C005B461F /* Spain.swift */; };
		CAD949151C1A2124005B461F /* UK.swift in Sources */ = {isa = PBXBuildFile; fileRef = CAD949141C1A2124005B461F /* UK.swift */; };
		CAF01C331CA5E722008B658D /* ListingsTableViewController.swift in Sources */ = {isa = PBXBuildFile; fileRef = CAF01C321CA5E722008B658D /* ListingsTableViewController.swift */; };
		CAF01C351CA5E7A9008B658D /* ListingTableViewCell.swift in Sources */ = {isa = PBXBuildFile; fileRef = CAF01C341CA5E7A9008B658D /* ListingTableViewCell.swift */; };
/* End PBXBuildFile section */

/* Begin PBXFileReference section */
		CA77DFBD1C0E6051000AFD89 /* Expat.app */ = {isa = PBXFileReference; explicitFileType = wrapper.application; includeInIndex = 0; path = Expat.app; sourceTree = BUILT_PRODUCTS_DIR; };
		CA77DFC01C0E6051000AFD89 /* AppDelegate.swift */ = {isa = PBXFileReference; lastKnownFileType = sourcecode.swift; path = AppDelegate.swift; sourceTree = "<group>"; };
		CA77DFC51C0E6051000AFD89 /* Base */ = {isa = PBXFileReference; lastKnownFileType = file.storyboard; name = Base; path = Base.lproj/Main.storyboard; sourceTree = "<group>"; };
		CA77DFC71C0E6051000AFD89 /* Assets.xcassets */ = {isa = PBXFileReference; lastKnownFileType = folder.assetcatalog; path = Assets.xcassets; sourceTree = "<group>"; };
		CA77DFCA1C0E6051000AFD89 /* Base */ = {isa = PBXFileReference; lastKnownFileType = file.storyboard; name = Base; path = Base.lproj/LaunchScreen.storyboard; sourceTree = "<group>"; };
		CA77DFCC1C0E6051000AFD89 /* Info.plist */ = {isa = PBXFileReference; lastKnownFileType = text.plist.xml; path = Info.plist; sourceTree = "<group>"; };
		CA77E01D1C17A755000AFD89 /* City.swift */ = {isa = PBXFileReference; fileEncoding = 4; lastKnownFileType = sourcecode.swift; path = City.swift; sourceTree = "<group>"; };
		CA77E0251C17A845000AFD89 /* CountryTableViewController.swift */ = {isa = PBXFileReference; fileEncoding = 4; lastKnownFileType = sourcecode.swift; path = CountryTableViewController.swift; sourceTree = "<group>"; };
		CA77E0271C17A858000AFD89 /* CityTableViewController.swift */ = {isa = PBXFileReference; fileEncoding = 4; lastKnownFileType = sourcecode.swift; path = CityTableViewController.swift; sourceTree = "<group>"; };
		CA77E02A1C17A951000AFD89 /* CountryTableViewCell.swift */ = {isa = PBXFileReference; fileEncoding = 4; lastKnownFileType = sourcecode.swift; path = CountryTableViewCell.swift; sourceTree = "<group>"; };
		CA77E02C1C17A96A000AFD89 /* CityTableViewCell.swift */ = {isa = PBXFileReference; fileEncoding = 4; lastKnownFileType = sourcecode.swift; path = CityTableViewCell.swift; sourceTree = "<group>"; };
		CA8742781C9F7AD000B31036 /* ListingsViewController.swift */ = {isa = PBXFileReference; fileEncoding = 4; lastKnownFileType = sourcecode.swift; path = ListingsViewController.swift; sourceTree = "<group>"; };
		CA87427A1C9F7E6500B31036 /* Listing.swift */ = {isa = PBXFileReference; fileEncoding = 4; lastKnownFileType = sourcecode.swift; path = Listing.swift; sourceTree = "<group>"; };
		CAB0D8AA1CEBDF2700DF4A23 /* ListingDetailViewController.swift */ = {isa = PBXFileReference; fileEncoding = 4; lastKnownFileType = sourcecode.swift; path = ListingDetailViewController.swift; sourceTree = "<group>"; };
		CAD9490C1C1A123F005B461F /* DetailViewController.swift */ = {isa = PBXFileReference; fileEncoding = 4; indentWidth = 4; lastKnownFileType = sourcecode.swift; path = DetailViewController.swift; sourceTree = "<group>"; tabWidth = 4; usesTabs = 0; wrapsLines = 0; };
		CAD949101C1A1A2C005B461F /* Spain.swift */ = {isa = PBXFileReference; fileEncoding = 4; lastKnownFileType = sourcecode.swift; path = Spain.swift; sourceTree = "<group>"; };
		CAD949141C1A2124005B461F /* UK.swift */ = {isa = PBXFileReference; fileEncoding = 4; lastKnownFileType = sourcecode.swift; path = UK.swift; sourceTree = "<group>"; };
		CAF01C321CA5E722008B658D /* ListingsTableViewController.swift */ = {isa = PBXFileReference; fileEncoding = 4; lastKnownFileType = sourcecode.swift; path = ListingsTableViewController.swift; sourceTree = "<group>"; };
		CAF01C341CA5E7A9008B658D /* ListingTableViewCell.swift */ = {isa = PBXFileReference; fileEncoding = 4; lastKnownFileType = sourcecode.swift; path = ListingTableViewCell.swift; sourceTree = "<group>"; };
/* End PBXFileReference section */

/* Begin PBXFrameworksBuildPhase section */
		CA77DFBA1C0E6051000AFD89 /* Frameworks */ = {
			isa = PBXFrameworksBuildPhase;
			buildActionMask = 2147483647;
			files = (
			);
			runOnlyForDeploymentPostprocessing = 0;
		};
/* End PBXFrameworksBuildPhase section */

/* Begin PBXGroup section */
		CA77DFB41C0E6051000AFD89 = {
			isa = PBXGroup;
			children = (
				CA77DFBF1C0E6051000AFD89 /* Expat */,
				CA77DFBE1C0E6051000AFD89 /* Products */,
			);
			sourceTree = "<group>";
		};
		CA77DFBE1C0E6051000AFD89 /* Products */ = {
			isa = PBXGroup;
			children = (
				CA77DFBD1C0E6051000AFD89 /* Expat.app */,
			);
			name = Products;
			sourceTree = "<group>";
		};
		CA77DFBF1C0E6051000AFD89 /* Expat */ = {
			isa = PBXGroup;
			children = (
				CA77DFC01C0E6051000AFD89 /* AppDelegate.swift */,
				CA77E01F1C17A76D000AFD89 /* Model */,
				CA77E0291C17A8E6000AFD89 /* View */,
				CA77E0201C17A779000AFD89 /* Controller */,
				CA77DFC41C0E6051000AFD89 /* Main.storyboard */,
				CA77DFC71C0E6051000AFD89 /* Assets.xcassets */,
				CA77DFC91C0E6051000AFD89 /* LaunchScreen.storyboard */,
				CA77DFCC1C0E6051000AFD89 /* Info.plist */,
			);
			path = Expat;
			sourceTree = "<group>";
		};
		CA77E01F1C17A76D000AFD89 /* Model */ = {
			isa = PBXGroup;
			children = (
				CA77E01D1C17A755000AFD89 /* City.swift */,
				CAD949101C1A1A2C005B461F /* Spain.swift */,
				CAD949141C1A2124005B461F /* UK.swift */,
				CA87427A1C9F7E6500B31036 /* Listing.swift */,
			);
			name = Model;
			sourceTree = "<group>";
		};
		CA77E0201C17A779000AFD89 /* Controller */ = {
			isa = PBXGroup;
			children = (
				CA77E0251C17A845000AFD89 /* CountryTableViewController.swift */,
				CA77E0271C17A858000AFD89 /* CityTableViewController.swift */,
				CAD9490C1C1A123F005B461F /* DetailViewController.swift */,
				CA8742781C9F7AD000B31036 /* ListingsViewController.swift */,
				CAF01C321CA5E722008B658D /* ListingsTableViewController.swift */,
				CAB0D8AA1CEBDF2700DF4A23 /* ListingDetailViewController.swift */,
			);
			name = Controller;
			sourceTree = "<group>";
		};
		CA77E0291C17A8E6000AFD89 /* View */ = {
			isa = PBXGroup;
			children = (
				CA77E02A1C17A951000AFD89 /* CountryTableViewCell.swift */,
				CA77E02C1C17A96A000AFD89 /* CityTableViewCell.swift */,
				CAF01C341CA5E7A9008B658D /* ListingTableViewCell.swift */,
			);
			name = View;
			sourceTree = "<group>";
		};
/* End PBXGroup section */

/* Begin PBXNativeTarget section */
		CA77DFBC1C0E6051000AFD89 /* Expat */ = {
			isa = PBXNativeTarget;
			buildConfigurationList = CA77DFCF1C0E6051000AFD89 /* Build configuration list for PBXNativeTarget "Expat" */;
			buildPhases = (
				CA77DFB91C0E6051000AFD89 /* Sources */,
				CA77DFBA1C0E6051000AFD89 /* Frameworks */,
				CA77DFBB1C0E6051000AFD89 /* Resources */,
			);
			buildRules = (
			);
			dependencies = (
			);
			name = Expat;
			productName = Expat;
			productReference = CA77DFBD1C0E6051000AFD89 /* Expat.app */;
			productType = "com.apple.product-type.application";
		};
/* End PBXNativeTarget section */

/* Begin PBXProject section */
		CA77DFB51C0E6051000AFD89 /* Project object */ = {
			isa = PBXProject;
			attributes = {
				LastSwiftUpdateCheck = 0710;
				LastUpgradeCheck = 0710;
				ORGANIZATIONNAME = "Diego Martin";
				TargetAttributes = {
					CA77DFBC1C0E6051000AFD89 = {
						CreatedOnToolsVersion = 7.1.1;
					};
				};
			};
			buildConfigurationList = CA77DFB81C0E6051000AFD89 /* Build configuration list for PBXProject "Expat" */;
			compatibilityVersion = "Xcode 3.2";
			developmentRegion = English;
			hasScannedForEncodings = 0;
			knownRegions = (
				en,
				Base,
			);
			mainGroup = CA77DFB41C0E6051000AFD89;
			productRefGroup = CA77DFBE1C0E6051000AFD89 /* Products */;
			projectDirPath = "";
			projectRoot = "";
			targets = (
				CA77DFBC1C0E6051000AFD89 /* Expat */,
			);
		};
/* End PBXProject section */

/* Begin PBXResourcesBuildPhase section */
		CA77DFBB1C0E6051000AFD89 /* Resources */ = {
			isa = PBXResourcesBuildPhase;
			buildActionMask = 2147483647;
			files = (
				CA77DFCB1C0E6051000AFD89 /* LaunchScreen.storyboard in Resources */,
				CA77DFC81C0E6051000AFD89 /* Assets.xcassets in Resources */,
				CA77DFC61C0E6051000AFD89 /* Main.storyboard in Resources */,
			);
			runOnlyForDeploymentPostprocessing = 0;
		};
/* End PBXResourcesBuildPhase section */

/* Begin PBXSourcesBuildPhase section */
		CA77DFB91C0E6051000AFD89 /* Sources */ = {
			isa = PBXSourcesBuildPhase;
			buildActionMask = 2147483647;
			files = (
				CA77E02D1C17A96A000AFD89 /* CityTableViewCell.swift in Sources */,
				CAD949111C1A1A2C005B461F /* Spain.swift in Sources */,
				CAB0D8AB1CEBDF2700DF4A23 /* ListingDetailViewController.swift in Sources */,
				CAD949151C1A2124005B461F /* UK.swift in Sources */,
				CA87427B1C9F7E6500B31036 /* Listing.swift in Sources */,
				CA77E0281C17A858000AFD89 /* CityTableViewController.swift in Sources */,
				CAF01C351CA5E7A9008B658D /* ListingTableViewCell.swift in Sources */,
				CA77DFC11C0E6051000AFD89 /* AppDelegate.swift in Sources */,
				CA77E01E1C17A755000AFD89 /* City.swift in Sources */,
				CA77E0261C17A845000AFD89 /* CountryTableViewController.swift in Sources */,
				CAF01C331CA5E722008B658D /* ListingsTableViewController.swift in Sources */,
				CA77E02B1C17A951000AFD89 /* CountryTableViewCell.swift in Sources */,
				CAD9490D1C1A123F005B461F /* DetailViewController.swift in Sources */,
				CA8742791C9F7AD000B31036 /* ListingsViewController.swift in Sources */,
			);
			runOnlyForDeploymentPostprocessing = 0;
		};
/* End PBXSourcesBuildPhase section */

/* Begin PBXVariantGroup section */
		CA77DFC41C0E6051000AFD89 /* Main.storyboard */ = {
			isa = PBXVariantGroup;
			children = (
				CA77DFC51C0E6051000AFD89 /* Base */,
			);
			name = Main.storyboard;
			sourceTree = "<group>";
		};
		CA77DFC91C0E6051000AFD89 /* LaunchScreen.storyboard */ = {
			isa = PBXVariantGroup;
			children = (
				CA77DFCA1C0E6051000AFD89 /* Base */,
			);
			name = LaunchScreen.storyboard;
			sourceTree = "<group>";
		};
/* End PBXVariantGroup section */

/* Begin XCBuildConfiguration section */
		CA77DFCD1C0E6051000AFD89 /* Debug */ = {
			isa = XCBuildConfiguration;
			buildSettings = {
				ALWAYS_SEARCH_USER_PATHS = NO;
				CLANG_CXX_LANGUAGE_STANDARD = "gnu++0x";
				CLANG_CXX_LIBRARY = "libc++";
				CLANG_ENABLE_MODULES = YES;
				CLANG_ENABLE_OBJC_ARC = YES;
				CLANG_WARN_BOOL_CONVERSION = YES;
				CLANG_WARN_CONSTANT_CONVERSION = YES;
				CLANG_WARN_DIRECT_OBJC_ISA_USAGE = YES_ERROR;
				CLANG_WARN_EMPTY_BODY = YES;
				CLANG_WARN_ENUM_CONVERSION = YES;
				CLANG_WARN_INT_CONVERSION = YES;
				CLANG_WARN_OBJC_ROOT_CLASS = YES_ERROR;
				CLANG_WARN_UNREACHABLE_CODE = YES;
				CLANG_WARN__DUPLICATE_METHOD_MATCH = YES;
				"CODE_SIGN_IDENTITY[sdk=iphoneos*]" = "iPhone Developer";
				COPY_PHASE_STRIP = NO;
				DEBUG_INFORMATION_FORMAT = dwarf;
				ENABLE_STRICT_OBJC_MSGSEND = YES;
				ENABLE_TESTABILITY = YES;
				GCC_C_LANGUAGE_STANDARD = gnu99;
				GCC_DYNAMIC_NO_PIC = NO;
				GCC_NO_COMMON_BLOCKS = YES;
				GCC_OPTIMIZATION_LEVEL = 0;
				GCC_PREPROCESSOR_DEFINITIONS = (
					"DEBUG=1",
					"$(inherited)",
				);
				GCC_WARN_64_TO_32_BIT_CONVERSION = YES;
				GCC_WARN_ABOUT_RETURN_TYPE = YES_ERROR;
				GCC_WARN_UNDECLARED_SELECTOR = YES;
				GCC_WARN_UNINITIALIZED_AUTOS = YES_AGGRESSIVE;
				GCC_WARN_UNUSED_FUNCTION = YES;
				GCC_WARN_UNUSED_VARIABLE = YES;
				IPHONEOS_DEPLOYMENT_TARGET = 9.1;
				MTL_ENABLE_DEBUG_INFO = YES;
				ONLY_ACTIVE_ARCH = YES;
				SDKROOT = iphoneos;
				SWIFT_OPTIMIZATION_LEVEL = "-Onone";
			};
			name = Debug;
		};
		CA77DFCE1C0E6051000AFD89 /* Release */ = {
			isa = XCBuildConfiguration;
			buildSettings = {
				ALWAYS_SEARCH_USER_PATHS = NO;
				CLANG_CXX_LANGUAGE_STANDARD = "gnu++0x";
				CLANG_CXX_LIBRARY = "libc++";
				CLANG_ENABLE_MODULES = YES;
				CLANG_ENABLE_OBJC_ARC = YES;
				CLANG_WARN_BOOL_CONVERSION = YES;
				CLANG_WARN_CONSTANT_CONVERSION = YES;
				CLANG_WARN_DIRECT_OBJC_ISA_USAGE = YES_ERROR;
				CLANG_WARN_EMPTY_BODY = YES;
				CLANG_WARN_ENUM_CONVERSION = YES;
				CLANG_WARN_INT_CONVERSION = YES;
				CLANG_WARN_OBJC_ROOT_CLASS = YES_ERROR;
				CLANG_WARN_UNREACHABLE_CODE = YES;
				CLANG_WARN__DUPLICATE_METHOD_MATCH = YES;
				"CODE_SIGN_IDENTITY[sdk=iphoneos*]" = "iPhone Developer";
				COPY_PHASE_STRIP = NO;
				DEBUG_INFORMATION_FORMAT = "dwarf-with-dsym";
				ENABLE_NS_ASSERTIONS = NO;
				ENABLE_STRICT_OBJC_MSGSEND = YES;
				GCC_C_LANGUAGE_STANDARD = gnu99;
				GCC_NO_COMMON_BLOCKS = YES;
				GCC_WARN_64_TO_32_BIT_CONVERSION = YES;
				GCC_WARN_ABOUT_RETURN_TYPE = YES_ERROR;
				GCC_WARN_UNDECLARED_SELECTOR = YES;
				GCC_WARN_UNINITIALIZED_AUTOS = YES_AGGRESSIVE;
				GCC_WARN_UNUSED_FUNCTION = YES;
				GCC_WARN_UNUSED_VARIABLE = YES;
				IPHONEOS_DEPLOYMENT_TARGET = 9.1;
				MTL_ENABLE_DEBUG_INFO = NO;
				SDKROOT = iphoneos;
				VALIDATE_PRODUCT = YES;
			};
			name = Release;
		};
		CA77DFD01C0E6051000AFD89 /* Debug */ = {
			isa = XCBuildConfiguration;
			buildSettings = {
				ASSETCATALOG_COMPILER_APPICON_NAME = AppIcon;
				INFOPLIST_FILE = Expat/Info.plist;
				LD_RUNPATH_SEARCH_PATHS = "$(inherited) @executable_path/Frameworks";
				PRODUCT_BUNDLE_IDENTIFIER = com.DiegoMartin.Expat;
				PRODUCT_NAME = "$(TARGET_NAME)";
			};
			name = Debug;
		};
		CA77DFD11C0E6051000AFD89 /* Release */ = {
			isa = XCBuildConfiguration;
			buildSettings = {
				ASSETCATALOG_COMPILER_APPICON_NAME = AppIcon;
				INFOPLIST_FILE = Expat/Info.plist;
				LD_RUNPATH_SEARCH_PATHS = "$(inherited) @executable_path/Frameworks";
				PRODUCT_BUNDLE_IDENTIFIER = com.DiegoMartin.Expat;
				PRODUCT_NAME = "$(TARGET_NAME)";
			};
			name = Release;
		};
/* End XCBuildConfiguration section */

/* Begin XCConfigurationList section */
		CA77DFB81C0E6051000AFD89 /* Build configuration list for PBXProject "Expat" */ = {
			isa = XCConfigurationList;
			buildConfigurations = (
				CA77DFCD1C0E6051000AFD89 /* Debug */,
				CA77DFCE1C0E6051000AFD89 /* Release */,
			);
			defaultConfigurationIsVisible = 0;
			defaultConfigurationName = Release;
		};
		CA77DFCF1C0E6051000AFD89 /* Build configuration list for PBXNativeTarget "Expat" */ = {
			isa = XCConfigurationList;
			buildConfigurations = (
				CA77DFD01C0E6051000AFD89 /* Debug */,
				CA77DFD11C0E6051000AFD89 /* Release */,
			);
			defaultConfigurationIsVisible = 0;
			defaultConfigurationName = Release;
		};
/* End XCConfigurationList section */
	};
	rootObject = CA77DFB51C0E6051000AFD89 /* Project object */;
}
